lockfileVersion: '9.0'

settings:
  autoInstallPeers: true
  excludeLinksFromLockfile: false

importers:

  .:
    dependencies:
      '@types/matter-js':
        specifier: ^0.19.7
        version: 0.19.8
      '@types/p5':
        specifier: ^1.4.2
        version: 1.7.7
      matter-js:
        specifier: ^0.20.0
        version: 0.20.0
      p5:
        specifier: ^1.11.1
        version: 1.11.11
      pixi.js:
        specifier: ^7.4.3
        version: 7.4.3
      vue:
        specifier: ^3.2.37
        version: 3.5.26(typescript@4.9.5)
    devDependencies:
      '@types/three':
        specifier: ^0.143.2
        version: 0.143.2
      '@vitejs/plugin-vue':
        specifier: ^3.0.3
        version: 3.2.0(vite@3.2.11)(vue@3.5.26(typescript@4.9.5))
      typescript:
        specifier: ^4.6.4
        version: 4.9.5
      vite:
        specifier: ^3.0.7
        version: 3.2.11
      vue-tsc:
        specifier: ^0.39.5
        version: 0.39.5(typescript@4.9.5)

packages:

  '@babel/helper-string-parser@7.27.1':
    resolution: {integrity: sha512-qMlSxKbpRlAridDExk92nSobyDdpPijUq2DW6oDnUqd0iOGxmQjyqhMIihI9+zv4LPyZdRje2cavWPbCbWm3eA==}
    engines: {node: '>=6.9.0'}

  '@babel/helper-validator-identifier@7.28.5':
    resolution: {integrity: sha512-qSs4ifwzKJSV39ucNjsvc6WVHs6b7S03sOh2OcHF9UHfVPqWWALUsNUVzhSBiItjRZoLHx7nIarVjqKVusUZ1Q==}
    engines: {node: '>=6.9.0'}

  '@babel/parser@7.28.5':
    resolution: {integrity: sha512-KKBU1VGYR7ORr3At5HAtUQ+TV3SzRCXmA/8OdDZiLDBIZxVyzXuztPjfLd3BV1PRAQGCMWWSHYhL0F8d5uHBDQ==}
    engines: {node: '>=6.0.0'}
    hasBin: true

  '@babel/types@7.28.5':
    resolution: {integrity: sha512-qQ5m48eI/MFLQ5PxQj4PFaprjyCTLI37ElWMmNs0K8Lk3dVeOdNpB3ks8jc7yM5CDmVC73eMVk/trk3fgmrUpA==}
    engines: {node: '>=6.9.0'}

  '@esbuild/android-arm@0.15.18':
    resolution: {integrity: sha512-5GT+kcs2WVGjVs7+boataCkO5Fg0y4kCjzkB5bAip7H4jfnOS3dA6KPiww9W1OEKTKeAcUVhdZGvgI65OXmUnw==}
    engines: {node: '>=12'}
    cpu: [arm]
    os: [android]

  '@esbuild/linux-loong64@0.15.18':
    resolution: {integrity: sha512-L4jVKS82XVhw2nvzLg/19ClLWg0y27ulRwuP7lcyL6AbUWB5aPglXY3M21mauDQMDfRLs8cQmeT03r/+X3cZYQ==}
    engines: {node: '>=12'}
    cpu: [loong64]
    os: [linux]

  '@jridgewell/sourcemap-codec@1.5.5':
    resolution: {integrity: sha512-cYQ9310grqxueWbl+WuIUIaiUaDcj7WOq5fVhEljNVgRfOUhY9fy2zTvfoqWsnebh8Sl70VScFbICvJnLKB0Og==}

  '@pixi/accessibility@7.4.3':
    resolution: {integrity: sha512-tCr0yeWpMe0yucFvEPidy5a7gVJGpTjqGrDpSEBYT/kbScfUwcoX49RrckCCCiXDlyO4WRh9lVVuHXTvqRLIMg==}
    peerDependencies:
      '@pixi/core': 7.4.3
      '@pixi/display': 7.4.3
      '@pixi/events': 7.4.3

  '@pixi/app@7.4.3':
    resolution: {integrity: sha512-opyWMuO0Ir8pf1DYUR++wAA6ZfNU+nIX2z95R2OD172HbcdhB4/HD7leLIIAny/LciEdMqlWEBhXK7N93YWbdg==}
    peerDependencies:
      '@pixi/core': 7.4.3
      '@pixi/display': 7.4.3

  '@pixi/assets@7.4.3':
    resolution: {integrity: sha512-StvjiJBSp/j9hHkGu8AFHNvwYUazXq64WhyhytztyDMRkg/l/cL7EcttY5T0qZNWlIpccdr60LUKrWDOuMpkiw==}
    peerDependencies:
      '@pixi/core': 7.4.3

  '@pixi/color@7.4.3':
    resolution: {integrity: sha512-a6R+bXKeXMDcRmjYQoBIK+v2EYqxSX49wcjAY579EYM/WrFKS98nSees6lqVUcLKrcQh2DT9srJHX7XMny3voQ==}

  '@pixi/colord@2.9.6':
    resolution: {integrity: sha512-nezytU2pw587fQstUu1AsJZDVEynjskwOL+kibwcdxsMBFqPsFFNA7xl0ii/gXuDi6M0xj3mfRJj8pBSc2jCfA==}

  '@pixi/compressed-textures@7.4.3':
    resolution: {integrity: sha512-uJ3CC+lNX4HIxs6IxEESO50/0A1KxSVm6CO9UlkXzTsNj9ynmdy5BkJ1dzii7LCdqGcHIXHO01yvKuUbJBBQtw==}
    peerDependencies:
      '@pixi/assets': 7.4.3
      '@pixi/core': 7.4.3

  '@pixi/constants@7.4.3':
    resolution: {integrity: sha512-QGmwJUNQy/vVEHzL6VGQvnwawLZ1wceZMI8HwJAT4/I2uAzbBeFDdmCS8WsTpSWLZjF/DszDc1D8BFp4pVJ5UQ==}

  '@pixi/core@7.4.3':
    resolution: {integrity: sha512-5YDs11faWgVVTL8VZtLU05/Fl47vaP5Tnsbf+y/WRR0VSW3KhRRGTBU1J3Gdc2xEWbJhUK07KGP7eSZpvtPVgA==}

  '@pixi/display@7.4.3':
    resolution: {integrity: sha512-b5m2dAaoNAVdxz1oDaxl3XZ059NEOcNtGkxTOZ4EYCw/jcp9sZXkgSROHRzsGn4k+NugH7+9MP4Id2Z0kkdUhw==}
    peerDependencies:
      '@pixi/core': 7.4.3

  '@pixi/events@7.4.3':
    resolution: {integrity: sha512-o3j/5Dxq6WDVS6eHfURB/cf/MP+NcsF/eC5PnbSHjXxJmDE7PoTVwLvxexm5uuvNRpFh/6/Fn0V8Vl4gV8sc8w==}
    peerDependencies:
      '@pixi/core': 7.4.3
      '@pixi/display': 7.4.3

  '@pixi/extensions@7.4.3':
    resolution: {integrity: sha512-FhoiYkHQEDYHUE7wXhqfsTRz6KxLXjuMbSiAwnLb9uG1vAgp6q6qd6HEsf4X30YaZbLFY8a4KY6hFZWjF+4Fdw==}

  '@pixi/extract@7.4.3':
    resolution: {integrity: sha512-HNvGNrEVaeVsbcnIO1MsHpjZbTwo9nIlaOEBzDGcL6JWwzuB1RnzUke7WUCndCUt91sGUdvPnvgCvy9/NNFg3w==}
    peerDependencies:
      '@pixi/core': 7.4.3

  '@pixi/filter-alpha@7.4.3':
    resolution: {integrity: sha512-YFdUB1I53USQb+9TEhS849dV2KZhbnNGIoBbOSThUJfXQc4pDguIFWMagVToAQYgmZ4C4AtYfVjaSEELrMcCdA==}
    peerDependencies:
      '@pixi/core': 7.4.3

  '@pixi/filter-blur@7.4.3':
    resolution: {integrity: sha512-ZFzS9L/whdRbs5A/EUgF3yQaBcxNarmbuwaMgrfnpQ84mRczkGByqDLGToadiufyals07ufTrXBGRle9lbtEDA==}
    peerDependencies:
      '@pixi/core': 7.4.3

  '@pixi/filter-color-matrix@7.4.3':
    resolution: {integrity: sha512-TNu0h20SrzjUWIb5v19dAp1vPpqtG0w2XF9kIHN91bMNaf3R1jzhpWG6TtaVO9eo1IolWcEJLw38jIohyC+KNw==}
    peerDependencies:
      '@pixi/core': 7.4.3

  '@pixi/filter-displacement@7.4.3':
    resolution: {integrity: sha512-ax+cFA2mEnKgqf9F8qInpv09GNWzjwnASLETpwPXzWBtlAlNCeHV2tCv3+SlMdEKUkwG9sA7AmjjjC2JBUyt+Q==}
    peerDependencies:
      '@pixi/core': 7.4.3

  '@pixi/filter-fxaa@7.4.3':
    resolution: {integrity: sha512-y9jhho5cCflhEsPtNqqsd+XJHsb+/ysht4rG/VHQ8Z6pScHYpbgiEpowryGq8uSMQQwx6zKNS2DPiXdiOHPZsg==}
    peerDependencies:
      '@pixi/core': 7.4.3

  '@pixi/filter-noise@7.4.3':
    resolution: {integrity: sha512-rwgSO3BKe1jW/P5CaOcfLKjfpl674aBEo/igi/3QLxA3ORhILNqWRsKkOwP8xF/ejI5NE4rMEkdv0LScbdGFhA==}
    peerDependencies:
      '@pixi/core': 7.4.3

  '@pixi/graphics@7.4.3':
    resolution: {integrity: sha512-wWLivD8/URb8A7X4TqCZGG39C91IE+aOuWY/z9NCz5Z6WvA/VWnsc5fLTlO+ggjGHgKF0cSucCXZfUe1wm0AOQ==}
    peerDependencies:
      '@pixi/core': 7.4.3
      '@pixi/display': 7.4.3
      '@pixi/sprite': 7.4.3

  '@pixi/math@7.4.3':
    resolution: {integrity: sha512-/uJOVhR2DOZ+zgdI6Bs/CwcXT4bNRKsS+TqX3ekRIxPCwaLra+Qdm7aDxT5cTToDzdxbKL5+rwiLu3Y1egILDw==}

  '@pixi/mesh-extras@7.4.3':
    resolution: {integrity: sha512-EqpxpVZoTObyupxMSzuUsCGmWPQioW84n9EO9Ajawkk/HYA+qKFZ5viKiEThIUBYgv4Apn/7c0U3Feg7Ez4uQQ==}
    peerDependencies:
      '@pixi/core': 7.4.3
      '@pixi/mesh': 7.4.3

  '@pixi/mesh@7.4.3':
    resolution: {integrity: sha512-CikqFPtKvU3Zj986/MSoC8X39CWv5CEpiEW/tYp47p4tgQNDSkNWYnDiNYgb+4VX6pNsBrgX4DALLdTR17SlSA==}
    peerDependencies:
      '@pixi/core': 7.4.3
      '@pixi/display': 7.4.3

  '@pixi/mixin-cache-as-bitmap@7.4.3':
    resolution: {integrity: sha512-NgvDdgSgd2tfcTSc+SWF12JJjVVz5ZrkSlhX0idSp/LSako82AiFJlD2xqH9GUsEcA6sqBBlnu7nrGkPTHQdhA==}
    peerDependencies:
      '@pixi/core': 7.4.3
      '@pixi/display': 7.4.3
      '@pixi/sprite': 7.4.3

  '@pixi/mixin-get-child-by-name@7.4.3':
    resolution: {integrity: sha512-HLhDxHwafQT+CxbqQx9w9ivJIyAOg9JJ/6m4fNymVuDWeuMGcxDxBD7DukdUYIieT+RD/RlxdPEmq8YoromlFA==}
    peerDependencies:
      '@pixi/display': 7.4.3

  '@pixi/mixin-get-global-position@7.4.3':
    resolution: {integrity: sha512-k09kvkS379EypCIWgXMY7uiXtWk1BsaJyTYlV16Co0AsmNPdFd+wUozMx1xV6rxcGiWXsxr/1k9fbETuYkcXCQ==}
    peerDependencies:
      '@pixi/core': 7.4.3
      '@pixi/display': 7.4.3

  '@pixi/particle-container@7.4.3':
    resolution: {integrity: sha512-0DfJF5C0XTfuI2FsLYvMKCOtqWjXWGOWfA6m4l0W/Ke/qw5zKIOEhgjPLw4qNRtOhmEfkVKJUGp66Ap/ya2YzA==}
    peerDependencies:
      '@pixi/core': 7.4.3
      '@pixi/display': 7.4.3
      '@pixi/sprite': 7.4.3

  '@pixi/prepare@7.4.3':
    resolution: {integrity: sha512-OjJHGKXPzwP5OLKxBnTBnKMOktHynLvO0TQPqTYgNtmGQzY109mypCqM4M+s/V+uYmBo/T+sXvBahj98q/f1tA==}
    peerDependencies:
      '@pixi/core': 7.4.3
      '@pixi/display': 7.4.3
      '@pixi/graphics': 7.4.3
      '@pixi/text': 7.4.3

  '@pixi/runner@7.4.3':
    resolution: {integrity: sha512-TJyfp7y23u5vvRAyYhVSa7ytq0PdKSvPLXu4G3meoFh1oxTLHH6g/RIzLuxUAThPG2z7ftthuW3qWq6dRV+dhw==}

  '@pixi/settings@7.4.3':
    resolution: {integrity: sha512-SmGK8smc0PxRB9nr0UJioEtE9hl4gvj9OedCvZx3bxBwA3omA5BmP3CyhQfN8XJ29+o2OUL01r3zAPVol4l4lA==}

  '@pixi/sprite-animated@7.4.3':
    resolution: {integrity: sha512-mw5YIec8KfO1Jv9qrDNvGoD7Dlmcgww5YlMtd+ARi7Zzo+6ziNw899LXtoaKX1+3BXdZbYNyJAx3C5r30NtwXA==}
    peerDependencies:
      '@pixi/core': 7.4.3
      '@pixi/sprite': 7.4.3

  '@pixi/sprite-tiling@7.4.3':
    resolution: {integrity: sha512-kUa9cEcMsGXSIZoXA7LhW4oo0eWa30w0KYd7mZ0bqalBMfOcvsGZMN701Lc5lpE8URw+8yu5bnyGLbrxhWBTuw==}
    peerDependencies:
      '@pixi/core': 7.4.3
      '@pixi/display': 7.4.3
      '@pixi/sprite': 7.4.3

  '@pixi/sprite@7.4.3':
    resolution: {integrity: sha512-iNBrpOFF9nXDT6m2jcyYy6l/sRzklLDDck1eFHprHZwvNquY2nzRfh+RGBCecxhBcijiLJ3fsZN33fP0LDXkvw==}
    peerDependencies:
      '@pixi/core': 7.4.3
      '@pixi/display': 7.4.3

  '@pixi/spritesheet@7.4.3':
    resolution: {integrity: sha512-Ce4xZzUxUSKfiROUjjVCBYNLuCcDEWKJ822bSV9rkgVHItu3q04VnEww0DXO+9K0hKv4Ukjjk8aP6Pz0LgPm7A==}
    peerDependencies:
      '@pixi/assets': 7.4.3
      '@pixi/core': 7.4.3

  '@pixi/text-bitmap@7.4.3':
    resolution: {integrity: sha512-TnBocJm7f5nMAYwYcsojc62uCrOYauAGH26o3pNrlqmHDRDQ7FzPOGvkYZGYFREbUycloLSRlYpSy0FB9ZdV4Q==}
    peerDependencies:
      '@pixi/assets': 7.4.3
      '@pixi/core': 7.4.3
      '@pixi/display': 7.4.3
      '@pixi/mesh': 7.4.3
      '@pixi/text': 7.4.3

  '@pixi/text-html@7.4.3':
    resolution: {integrity: sha512-nm9K9gjSZAU8ETwQZBE3kMGNdO1IzyghxoRTcJCWKhekiGDpUQhopfNhqieNZ7reVJpvhpFQWjbyaHDehndUaQ==}
    peerDependencies:
      '@pixi/core': 7.4.3
      '@pixi/display': 7.4.3
      '@pixi/sprite': 7.4.3
      '@pixi/text': 7.4.3

  '@pixi/text@7.4.3':
    resolution: {integrity: sha512-IAF0iu04rPg3oiL0HZsEZI44fpJxq3UZ4xTmx8l1RyhhSXiElLvvSlSH57vt/BKMQZtCs+AqEit7yn8heK2+nQ==}
    peerDependencies:
      '@pixi/core': 7.4.3
      '@pixi/sprite': 7.4.3

  '@pixi/ticker@7.4.3':
    resolution: {integrity: sha512-tHsAD0iOUb6QSGGw+c8cyRBvxsq/NlfzIFBZLEHhWZ+Bx4a0MmXup6I/yJDGmyPCYE+ctCcAfY13wKAzdiVFgQ==}

  '@pixi/utils@7.4.3':
    resolution: {integrity: sha512-NO3Y9HAn2UKS1YdxffqsPp+kDpVm8XWvkZcS/E+rBzY9VTLnNOI7cawSRm+dacdET3a8Jad3aDKEDZ0HmAqAFA==}

  '@types/css-font-loading-module@0.0.12':
    resolution: {integrity: sha512-x2tZZYkSxXqWvTDgveSynfjq/T2HyiZHXb00j/+gy19yp70PHCizM48XFdjBCWH7eHBD0R5i/pw9yMBP/BH5uA==}

  '@types/earcut@2.1.4':
    resolution: {integrity: sha512-qp3m9PPz4gULB9MhjGID7wpo3gJ4bTGXm7ltNDsmOvsPduTeHp8wSW9YckBj3mljeOh4F0m2z/0JKAALRKbmLQ==}

  '@types/matter-js@0.19.8':
    resolution: {integrity: sha512-W2ZWG58Lijv/4v768NgpeyFqqiOyslmAU7qqM1Lhz4XBoUgGtZtPz4CjcOKYtqHIak14dvPldslQhltqLTWwsw==}

  '@types/p5@1.7.7':
    resolution: {integrity: sha512-WFuP7jqc5CkkMtCK/NphgvMnJz1Qi9CMuK7t6xLu/tuXkRdGQA4q4AD0dUYcChC0Oibe8PE8gbKSFPNF0BqVNw==}

  '@types/three@0.143.2':
    resolution: {integrity: sha512-HjsRWvd6rsXViFeOdU97/pHNDQknzJbFI0/5MrQ0joOlK0uixQH40sDJs/LwkNHhFYUvVENXAUQdKDeiQChHDw==}

  '@types/webxr@0.5.24':
    resolution: {integrity: sha512-h8fgEd/DpoS9CBrjEQXR+dIDraopAEfu4wYVNY2tEPwk60stPWhvZMf4Foo5FakuQ7HFZoa8WceaWFervK2Ovg==}

  '@vitejs/plugin-vue@3.2.0':
    resolution: {integrity: sha512-E0tnaL4fr+qkdCNxJ+Xd0yM31UwMkQje76fsDVBBUCoGOUPexu2VDUYHL8P4CwV+zMvWw6nlRw19OnRKmYAJpw==}
    engines: {node: ^14.18.0 || >=16.0.0}
    peerDependencies:
      vite: ^3.0.0
      vue: ^3.2.25

  '@volar/code-gen@0.39.5':
    resolution: {integrity: sha512-vQr5VoCH8T2NHmqLc/AA1/4F8l41WB+24+I+VjxBaev/Hmwjye9K0GlmMHAOl84WB3hWGOqpHaPX6JkqzRNjJg==}

  '@volar/source-map@0.39.5':
    resolution: {integrity: sha512-IVOX+v++Sr5Kok4/cLbDJp2vf1ia1rChpV7adgcnMle6uORBuGFEur234UzamK0iHRCcfFFRz7z+hSPf2CO23Q==}

  '@volar/typescript-faster@0.39.5':
    resolution: {integrity: sha512-IzLqlxefmKkjNKXC/8aFiqPcTqnj6RG31D2f9cIWxmW9pvUYJxLED+y9phnOxNxq0OmeRtQ3Pfmvu85tUBoZsQ==}

  '@volar/vue-code-gen@0.39.5':
    resolution: {integrity: sha512-y+QUV9MuuasiIuRoGKQl+gMhDaAX6XNhckAyJCvD1FZ8f2eJuPY2VtoFxmu/Z2bGWBdtUW/g98jaeKJ+j3wwOw==}
    deprecated: 'WARNING: This project has been renamed to @vue/language-core. Install using @vue/language-core instead.'

  '@volar/vue-language-core@0.39.5':
    resolution: {integrity: sha512-m+e1tYuL/WRPhSeC7hZ0NuSwHsfnnGJVxCBHLaP7jR0f6xcC0DAegP3QF+gfu9ZJFPGznpZYFKadngMjuhQS9Q==}

  '@volar/vue-typescript@0.39.5':
    resolution: {integrity: sha512-ckhWD1xOi0OMr702XVkv/Npsb9FKAp5gvhxyLv0QqWekPdSo04t4KrZfwosJLGERIEcyr50SuB7HqBp8ndQmzA==}
    deprecated: 'WARNING: This project has been renamed to @vue/typescript. Install using @vue/typescript instead.'

  '@vue/compiler-core@3.5.26':
    resolution: {integrity: sha512-vXyI5GMfuoBCnv5ucIT7jhHKl55Y477yxP6fc4eUswjP8FG3FFVFd41eNDArR+Uk3QKn2Z85NavjaxLxOC19/w==}

  '@vue/compiler-dom@3.5.26':
    resolution: {integrity: sha512-y1Tcd3eXs834QjswshSilCBnKGeQjQXB6PqFn/1nxcQw4pmG42G8lwz+FZPAZAby6gZeHSt/8LMPfZ4Rb+Bd/A==}

  '@vue/compiler-sfc@3.5.26':
    resolution: {integrity: sha512-egp69qDTSEZcf4bGOSsprUr4xI73wfrY5oRs6GSgXFTiHrWj4Y3X5Ydtip9QMqiCMCPVwLglB9GBxXtTadJ3mA==}

  '@vue/compiler-ssr@3.5.26':
    resolution: {integrity: sha512-lZT9/Y0nSIRUPVvapFJEVDbEXruZh2IYHMk2zTtEgJSlP5gVOqeWXH54xDKAaFS4rTnDeDBQUYDtxKyoW9FwDw==}

  '@vue/reactivity@3.5.26':
    resolution: {integrity: sha512-9EnYB1/DIiUYYnzlnUBgwU32NNvLp/nhxLXeWRhHUEeWNTn1ECxX8aGO7RTXeX6PPcxe3LLuNBFoJbV4QZ+CFQ==}

  '@vue/runtime-core@3.5.26':
    resolution: {integrity: sha512-xJWM9KH1kd201w5DvMDOwDHYhrdPTrAatn56oB/LRG4plEQeZRQLw0Bpwih9KYoqmzaxF0OKSn6swzYi84e1/Q==}

  '@vue/runtime-dom@3.5.26':
    resolution: {integrity: sha512-XLLd/+4sPC2ZkN/6+V4O4gjJu6kSDbHAChvsyWgm1oGbdSO3efvGYnm25yCjtFm/K7rrSDvSfPDgN1pHgS4VNQ==}

  '@vue/server-renderer@3.5.26':
    resolution: {integrity: sha512-TYKLXmrwWKSodyVuO1WAubucd+1XlLg4set0YoV+Hu8Lo79mp/YMwWV5mC5FgtsDxX3qo1ONrxFaTP1OQgy1uA==}
    peerDependencies:
      vue: 3.5.26

  '@vue/shared@3.5.26':
    resolution: {integrity: sha512-7Z6/y3uFI5PRoKeorTOSXKcDj0MSasfNNltcslbFrPpcw6aXRUALq4IfJlaTRspiWIUOEZbrpM+iQGmCOiWe4A==}

  call-bind-apply-helpers@1.0.2:
    resolution: {integrity: sha512-Sp1ablJ0ivDkSzjcaJdxEunN5/XvksFJ2sMBFfq6x0ryhQV/2b/KwFe21cMpmHtPOSij8K99/wSfoEuTObmuMQ==}
    engines: {node: '>= 0.4'}

  call-bound@1.0.4:
    resolution: {integrity: sha512-+ys997U96po4Kx/ABpBCqhA9EuxJaQWDQg7295H4hBphv3IZg0boBKuwYpt4YXp6MZ5AmZQnU/tyMTlRpaSejg==}
    engines: {node: '>= 0.4'}

  csstype@3.2.3:
    resolution: {integrity: sha512-z1HGKcYy2xA8AGQfwrn0PAy+PB7X/GSj3UVJW9qKyn43xWa+gl5nXmU4qqLMRzWVLFC8KusUX8T/0kCiOYpAIQ==}

  dunder-proto@1.0.1:
    resolution: {integrity: sha512-KIN/nDJBQRcXw0MLVhZE9iQHmG68qAVIBg9CqmUYjmQIhgij9U5MFvrqkUL5FbtyyzZuOeOt0zdeRe4UY7ct+A==}
    engines: {node: '>= 0.4'}

  earcut@2.2.4:
    resolution: {integrity: sha512-/pjZsA1b4RPHbeWZQn66SWS8nZZWLQQ23oE3Eam7aroEFGEvwKAsJfZ9ytiEMycfzXWpca4FA9QIOehf7PocBQ==}

  entities@7.0.0:
    resolution: {integrity: sha512-FDWG5cmEYf2Z00IkYRhbFrwIwvdFKH07uV8dvNy0omp/Qb1xcyCWp2UDtcwJF4QZZvk0sLudP6/hAu42TaqVhQ==}
    engines: {node: '>=0.12'}

  es-define-property@1.0.1:
    resolution: {integrity: sha512-e3nRfgfUZ4rNGL232gUgX06QNyyez04KdjFrF+LTRoOXmrOgFKDg4BCdsjW8EnT69eqdYGmRpJwiPVYNrCaW3g==}
    engines: {node: '>= 0.4'}

  es-errors@1.3.0:
    resolution: {integrity: sha512-Zf5H2Kxt2xjTvbJvP2ZWLEICxA6j+hAmMzIlypy4xcBg1vKVnx89Wy0GbS+kf5cwCVFFzdCFh2XSCFNULS6csw==}
    engines: {node: '>= 0.4'}

  es-object-atoms@1.1.1:
    resolution: {integrity: sha512-FGgH2h8zKNim9ljj7dankFPcICIK9Cp5bm+c2gQSYePhpaG5+esrLODihIorn+Pe6FGJzWhXQotPv73jTaldXA==}
    engines: {node: '>= 0.4'}

  esbuild-android-64@0.15.18:
    resolution: {integrity: sha512-wnpt3OXRhcjfIDSZu9bnzT4/TNTDsOUvip0foZOUBG7QbSt//w3QV4FInVJxNhKc/ErhUxc5z4QjHtMi7/TbgA==}
    engines: {node: '>=12'}
    cpu: [x64]
    os: [android]

  esbuild-android-arm64@0.15.18:
    resolution: {integrity: sha512-G4xu89B8FCzav9XU8EjsXacCKSG2FT7wW9J6hOc18soEHJdtWu03L3TQDGf0geNxfLTtxENKBzMSq9LlbjS8OQ==}
    engines: {node: '>=12'}
    cpu: [arm64]
    os: [android]

  esbuild-darwin-64@0.15.18:
    resolution: {integrity: sha512-2WAvs95uPnVJPuYKP0Eqx+Dl/jaYseZEUUT1sjg97TJa4oBtbAKnPnl3b5M9l51/nbx7+QAEtuummJZW0sBEmg==}
    engines: {node: '>=12'}
    cpu: [x64]
    os: [darwin]

  esbuild-darwin-arm64@0.15.18:
    resolution: {integrity: sha512-tKPSxcTJ5OmNb1btVikATJ8NftlyNlc8BVNtyT/UAr62JFOhwHlnoPrhYWz09akBLHI9nElFVfWSTSRsrZiDUA==}
    engines: {node: '>=12'}
    cpu: [arm64]
    os: [darwin]

  esbuild-freebsd-64@0.15.18:
    resolution: {integrity: sha512-TT3uBUxkteAjR1QbsmvSsjpKjOX6UkCstr8nMr+q7zi3NuZ1oIpa8U41Y8I8dJH2fJgdC3Dj3CXO5biLQpfdZA==}
    engines: {node: '>=12'}
    cpu: [x64]
    os: [freebsd]

  esbuild-freebsd-arm64@0.15.18:
    resolution: {integrity: sha512-R/oVr+X3Tkh+S0+tL41wRMbdWtpWB8hEAMsOXDumSSa6qJR89U0S/PpLXrGF7Wk/JykfpWNokERUpCeHDl47wA==}
    engines: {node: '>=12'}
    cpu: [arm64]
    os: [freebsd]

  esbuild-linux-32@0.15.18:
    resolution: {integrity: sha512-lphF3HiCSYtaa9p1DtXndiQEeQDKPl9eN/XNoBf2amEghugNuqXNZA/ZovthNE2aa4EN43WroO0B85xVSjYkbg==}
    engines: {node: '>=12'}
    cpu: [ia32]
    os: [linux]

  esbuild-linux-64@0.15.18:
    resolution: {integrity: sha512-hNSeP97IviD7oxLKFuii5sDPJ+QHeiFTFLoLm7NZQligur8poNOWGIgpQ7Qf8Balb69hptMZzyOBIPtY09GZYw==}
    engines: {node: '>=12'}
    cpu: [x64]
    os: [linux]

  esbuild-linux-arm64@0.15.18:
    resolution: {integrity: sha512-54qr8kg/6ilcxd+0V3h9rjT4qmjc0CccMVWrjOEM/pEcUzt8X62HfBSeZfT2ECpM7104mk4yfQXkosY8Quptug==}
    engines: {node: '>=12'}
    cpu: [arm64]
    os: [linux]

  esbuild-linux-arm@0.15.18:
    resolution: {integrity: sha512-UH779gstRblS4aoS2qpMl3wjg7U0j+ygu3GjIeTonCcN79ZvpPee12Qun3vcdxX+37O5LFxz39XeW2I9bybMVA==}
    engines: {node: '>=12'}
    cpu: [arm]
    os: [linux]

  esbuild-linux-mips64le@0.15.18:
    resolution: {integrity: sha512-Mk6Ppwzzz3YbMl/ZZL2P0q1tnYqh/trYZ1VfNP47C31yT0K8t9s7Z077QrDA/guU60tGNp2GOwCQnp+DYv7bxQ==}
    engines: {node: '>=12'}
    cpu: [mips64el]
    os: [linux]

  esbuild-linux-ppc64le@0.15.18:
    resolution: {integrity: sha512-b0XkN4pL9WUulPTa/VKHx2wLCgvIAbgwABGnKMY19WhKZPT+8BxhZdqz6EgkqCLld7X5qiCY2F/bfpUUlnFZ9w==}
    engines: {node: '>=12'}
    cpu: [ppc64]
    os: [linux]

  esbuild-linux-riscv64@0.15.18:
    resolution: {integrity: sha512-ba2COaoF5wL6VLZWn04k+ACZjZ6NYniMSQStodFKH/Pu6RxzQqzsmjR1t9QC89VYJxBeyVPTaHuBMCejl3O/xg==}
    engines: {node: '>=12'}
    cpu: [riscv64]
    os: [linux]

  esbuild-linux-s390x@0.15.18:
    resolution: {integrity: sha512-VbpGuXEl5FCs1wDVp93O8UIzl3ZrglgnSQ+Hu79g7hZu6te6/YHgVJxCM2SqfIila0J3k0csfnf8VD2W7u2kzQ==}
    engines: {node: '>=12'}
    cpu: [s390x]
    os: [linux]

  esbuild-netbsd-64@0.15.18:
    resolution: {integrity: sha512-98ukeCdvdX7wr1vUYQzKo4kQ0N2p27H7I11maINv73fVEXt2kyh4K4m9f35U1K43Xc2QGXlzAw0K9yoU7JUjOg==}
    engines: {node: '>=12'}
    cpu: [x64]
    os: [netbsd]

  esbuild-openbsd-64@0.15.18:
    resolution: {integrity: sha512-yK5NCcH31Uae076AyQAXeJzt/vxIo9+omZRKj1pauhk3ITuADzuOx5N2fdHrAKPxN+zH3w96uFKlY7yIn490xQ==}
    engines: {node: '>=12'}
    cpu: [x64]
    os: [openbsd]

  esbuild-sunos-64@0.15.18:
    resolution: {integrity: sha512-On22LLFlBeLNj/YF3FT+cXcyKPEI263nflYlAhz5crxtp3yRG1Ugfr7ITyxmCmjm4vbN/dGrb/B7w7U8yJR9yw==}
    engines: {node: '>=12'}
    cpu: [x64]
    os: [sunos]

  esbuild-windows-32@0.15.18:
    resolution: {integrity: sha512-o+eyLu2MjVny/nt+E0uPnBxYuJHBvho8vWsC2lV61A7wwTWC3jkN2w36jtA+yv1UgYkHRihPuQsL23hsCYGcOQ==}
    engines: {node: '>=12'}
    cpu: [ia32]
    os: [win32]

  esbuild-windows-64@0.15.18:
    resolution: {integrity: sha512-qinug1iTTaIIrCorAUjR0fcBk24fjzEedFYhhispP8Oc7SFvs+XeW3YpAKiKp8dRpizl4YYAhxMjlftAMJiaUw==}
    engines: {node: '>=12'}
    cpu: [x64]
    os: [win32]

  esbuild-windows-arm64@0.15.18:
    resolution: {integrity: sha512-q9bsYzegpZcLziq0zgUi5KqGVtfhjxGbnksaBFYmWLxeV/S1fK4OLdq2DFYnXcLMjlZw2L0jLsk1eGoB522WXQ==}
    engines: {node: '>=12'}
    cpu: [arm64]
    os: [win32]

  esbuild@0.15.18:
    resolution: {integrity: sha512-x/R72SmW3sSFRm5zrrIjAhCeQSAWoni3CmHEqfQrZIQTM3lVCdehdwuIqaOtfC2slvpdlLa62GYoN8SxT23m6Q==}
    engines: {node: '>=12'}
    hasBin: true

  estree-walker@2.0.2:
    resolution: {integrity: sha512-Rfkk/Mp/DL7JVje3u18FxFujQlTNR2q6QfMSMB7AvCBx91NGj/ba3kCfza0f6dVDbw7YlRf/nDrn7pQrCCyQ/w==}

  eventemitter3@4.0.7:
    resolution: {integrity: sha512-8guHBZCwKnFhYdHr2ysuRWErTwhoN2X8XELRlrRwpmfeY2jjuUN4taQMsULKUVo1K4DvZl+0pgfyoysHxvmvEw==}

  fsevents@2.3.3:
    resolution: {integrity: sha512-5xoDfX+fL7faATnagmWPpbFtwh/R77WmMMqqHGS65C3vvB0YHrgF+B1YmZ3441tMj5n63k0212XNoJwzlhffQw==}
    engines: {node: ^8.16.0 || ^10.6.0 || >=11.0.0}
    os: [darwin]

  function-bind@1.1.2:
    resolution: {integrity: sha512-7XHNxH7qX9xG5mIwxkhumTox/MIRNcOgDrxWsMt2pAr23WHp6MrRlN7FBSFpCpr+oVO0F744iUgR82nJMfG2SA==}

  get-intrinsic@1.3.0:
    resolution: {integrity: sha512-9fSjSaos/fRIVIp+xSJlE6lfwhES7LNtKaCBIamHsjr2na1BiABJPo0mOjjz8GJDURarmCPGqaiVg5mfjb98CQ==}
    engines: {node: '>= 0.4'}

  get-proto@1.0.1:
    resolution: {integrity: sha512-sTSfBjoXBp89JvIKIefqw7U2CCebsc74kiY6awiGogKtoSGbgjYE/G/+l9sF3MWFPNc9IcoOC4ODfKHfxFmp0g==}
    engines: {node: '>= 0.4'}

  gopd@1.2.0:
    resolution: {integrity: sha512-ZUKRh6/kUFoAiTAtTYPZJ3hw9wNxx+BIBOijnlG9PnrJsCcSjs1wyyD6vJpaYtgnzDrKYRSqf3OO6Rfa93xsRg==}
    engines: {node: '>= 0.4'}

  has-symbols@1.1.0:
    resolution: {integrity: sha512-1cDNdwJ2Jaohmb3sg4OmKaMBwuC48sYni5HUw2DvsC8LjGTLK9h+eb1X6RyuOHe4hT0ULCW68iomhjUoKUqlPQ==}
    engines: {node: '>= 0.4'}

  hasown@2.0.2:
    resolution: {integrity: sha512-0hJU9SCPvmMzIBdZFqNPXWa6dqh7WdH0cII9y+CyS8rG3nL48Bclra9HmKhVVUHyPWNH5Y7xDwAB7bfgSjkUMQ==}
    engines: {node: '>= 0.4'}

  is-core-module@2.16.1:
    resolution: {integrity: sha512-UfoeMA6fIJ8wTYFEUjelnaGI67v6+N7qXJEvQuIGa99l4xsCruSYOVSQ0uPANn4dAzm8lkYPaKLrrijLq7x23w==}
    engines: {node: '>= 0.4'}

  ismobilejs@1.1.1:
    resolution: {integrity: sha512-VaFW53yt8QO61k2WJui0dHf4SlL8lxBofUuUmwBo0ljPk0Drz2TiuDW4jo3wDcv41qy/SxrJ+VAzJ/qYqsmzRw==}

  magic-string@0.30.21:
    resolution: {integrity: sha512-vd2F4YUyEXKGcLHoq+TEyCjxueSeHnFxyyjNp80yg0XV4vUhnDer/lvvlqM/arB5bXQN5K2/3oinyCRyx8T2CQ==}

  math-intrinsics@1.1.0:
    resolution: {integrity: sha512-/IXtbwEk5HTPyEwyKX6hGkYXxM9nbj64B+ilVJnC/R6B0pH5G4V3b0pVbL7DBj4tkhBAppbQUlf6F6Xl9LHu1g==}
    engines: {node: '>= 0.4'}

  matter-js@0.20.0:
    resolution: {integrity: sha512-iC9fYR7zVT3HppNnsFsp9XOoQdQN2tUyfaKg4CHLH8bN+j6GT4Gw7IH2rP0tflAebrHFw730RR3DkVSZRX8hwA==}

  nanoid@3.3.11:
    resolution: {integrity: sha512-N8SpfPUnUp1bK+PMYW8qSWdl9U+wwNWI4QKxOYDy9JAro3WMX7p2OeVRF9v+347pnakNevPmiHhNmZ2HbFA76w==}
    engines: {node: ^10 || ^12 || ^13.7 || ^14 || >=15.0.1}
    hasBin: true

  object-inspect@1.13.4:
    resolution: {integrity: sha512-W67iLl4J2EXEGTbfeHCffrjDfitvLANg0UlX3wFUUSTx92KXRFegMHUVgSqE+wvhAbi4WqjGg9czysTV2Epbew==}
    engines: {node: '>= 0.4'}

  p5@1.11.11:
    resolution: {integrity: sha512-k58mfexvavFb+KNRpi70PbkKE2gCNiWQkzS4kVOyC2F9SKGgYy1jSO+JXZ24ikXV9OvZIAxGusiSVWEijYrmNg==}

  path-parse@1.0.7:
    resolution: {integrity: sha512-LDJzPVEEEPR+y48z93A0Ed0yXb8pAByGWo/k5YYdYgpY2/2EsOsksJrq7lOHxryrVOn1ejG6oAp8ahvOIQD8sw==}

  picocolors@1.1.1:
    resolution: {integrity: sha512-xceH2snhtb5M9liqDsmEw56le376mTZkEX/jEb/RxNFyegNul7eNslCXP9FDj/Lcu0X8KEyMceP2ntpaHrDEVA==}

  pixi.js@7.4.3:
    resolution: {integrity: sha512-uIWdH0EI2dVgNoqN9aFaHCmR0V65OEhMkXs2sek3c/QP2ItV6UoM+ouX9esSv3ibo20F+J5D1XwnQhUZI6wqeQ==}

  postcss@8.5.6:
    resolution: {integrity: sha512-3Ybi1tAuwAP9s0r1UQ2J4n5Y0G05bJkpUIO0/bI9MhwmD70S5aTWbXGBwxHrelT+XM1k6dM0pk+SwNkpTRN7Pg==}
    engines: {node: ^10 || ^12 || >=14}

  punycode@1.4.1:
    resolution: {integrity: sha512-jmYNElW7yvO7TV33CjSmvSiE2yco3bV2czu/OzDKdMNVZQWfxCblURLhf+47syQRBntjfLdd/H0egrzIG+oaFQ==}

  qs@6.15.1:
    resolution: {integrity: sha512-6YHEFRL9mfgcAvql/XhwTvf5jKcOiiupt2FiJxHkiX1z4j7WL8J/jRHYLluORvc1XxB5rV20KoeK00gVJamspg==}
    engines: {node: '>=0.6'}

  resolve@1.22.11:
    resolution: {integrity: sha512-RfqAvLnMl313r7c9oclB1HhUEAezcpLjz95wFH4LVuhk9JF/r22qmVP9AMmOU4vMX7Q8pN8jwNg/CSpdFnMjTQ==}
    engines: {node: '>= 0.4'}
    hasBin: true

  rollup@2.79.2:
    resolution: {integrity: sha512-fS6iqSPZDs3dr/y7Od6y5nha8dW1YnbgtsyotCVvoFGKbERG++CVRFv1meyGDE1SNItQA8BrnCw7ScdAhRJ3XQ==}
    engines: {node: '>=10.0.0'}
    hasBin: true

  semver@7.7.3:
    resolution: {integrity: sha512-SdsKMrI9TdgjdweUSR9MweHA4EJ8YxHn8DFaDisvhVlUOe4BF1tLD7GAj0lIqWVl+dPb/rExr0Btby5loQm20Q==}
    engines: {node: '>=10'}
    hasBin: true

  side-channel-list@1.0.1:
    resolution: {integrity: sha512-mjn/0bi/oUURjc5Xl7IaWi/OJJJumuoJFQJfDDyO46+hBWsfaVM65TBHq2eoZBhzl9EchxOijpkbRC8SVBQU0w==}
    engines: {node: '>= 0.4'}

  side-channel-map@1.0.1:
    resolution: {integrity: sha512-VCjCNfgMsby3tTdo02nbjtM/ewra6jPHmpThenkTYh8pG9ucZ/1P8So4u4FGBek/BjpOVsDCMoLA/iuBKIFXRA==}
    engines: {node: '>= 0.4'}

  side-channel-weakmap@1.0.2:
    resolution: {integrity: sha512-WPS/HvHQTYnHisLo9McqBHOJk2FkHO/tlpvldyrnem4aeQp4hai3gythswg6p01oSoTl58rcpiFAjF2br2Ak2A==}
    engines: {node: '>= 0.4'}

  side-channel@1.1.0:
    resolution: {integrity: sha512-ZX99e6tRweoUXqR+VBrslhda51Nh5MTQwou5tnUDgbtyM0dBgmhEDtWGP/xbKn6hqfPRHujUNwz5fy/wbbhnpw==}
    engines: {node: '>= 0.4'}

  source-map-js@1.2.1:
    resolution: {integrity: sha512-UXWMKhLOwVKb728IUtQPXxfYU+usdybtUrK/8uGE8CQMvrhOpwvzDBwj0QhSL7MQc7vIsISBG8VQ8+IDQxpfQA==}
    engines: {node: '>=0.10.0'}

  supports-preserve-symlinks-flag@1.0.0:
    resolution: {integrity: sha512-ot0WnXS9fgdkgIcePe6RHNk1WA8+muPa6cSjeR3V8K27q9BB1rTE3R1p7Hv0z1ZyAc8s6Vvv8DIyWf681MAt0w==}
    engines: {node: '>= 0.4'}

  typescript@4.9.5:
    resolution: {integrity: sha512-1FXk9E2Hm+QzZQ7z+McJiHL4NW1F2EzMu9Nq9i3zAaGqibafqYwCVU6WyWAuyQRRzOlxou8xZSyXLEN8oKj24g==}
    engines: {node: '>=4.2.0'}
    hasBin: true

  url@0.11.4:
    resolution: {integrity: sha512-oCwdVC7mTuWiPyjLUz/COz5TLk6wgp0RCsN+wHZ2Ekneac9w8uuV0njcbbie2ME+Vs+d6duwmYuR3HgQXs1fOg==}
    engines: {node: '>= 0.4'}

  vite@3.2.11:
    resolution: {integrity: sha512-K/jGKL/PgbIgKCiJo5QbASQhFiV02X9Jh+Qq0AKCRCRKZtOTVi4t6wh75FDpGf2N9rYOnzH87OEFQNaFy6pdxQ==}
    engines: {node: ^14.18.0 || >=16.0.0}
    hasBin: true
    peerDependencies:
      '@types/node': '>= 14'
      less: '*'
      sass: '*'
      stylus: '*'
      sugarss: '*'
      terser: ^5.4.0
    peerDependenciesMeta:
      '@types/node':
        optional: true
      less:
        optional: true
      sass:
        optional: true
      stylus:
        optional: true
      sugarss:
        optional: true
      terser:
        optional: true

  vue-tsc@0.39.5:
    resolution: {integrity: sha512-jhTsrKhZkafpIeN4Cbhr1K53hNfa/oesSrlh7hUaeHyCk55VhZT6oJkwJbtqN4MYkWZIwPrm3/xTwsELuf2ocg==}
    hasBin: true
    peerDependencies:
      typescript: '*'

  vue@3.5.26:
    resolution: {integrity: sha512-SJ/NTccVyAoNUJmkM9KUqPcYlY+u8OVL1X5EW9RIs3ch5H2uERxyyIUI4MRxVCSOiEcupX9xNGde1tL9ZKpimA==}
    peerDependencies:
      typescript: '*'
    peerDependenciesMeta:
      typescript:
        optional: true

snapshots:

  '@babel/helper-string-parser@7.27.1': {}

  '@babel/helper-validator-identifier@7.28.5': {}

  '@babel/parser@7.28.5':
    dependencies:
      '@babel/types': 7.28.5

  '@babel/types@7.28.5':
    dependencies:
      '@babel/helper-string-parser': 7.27.1
      '@babel/helper-validator-identifier': 7.28.5

  '@esbuild/android-arm@0.15.18':
    optional: true

  '@esbuild/linux-loong64@0.15.18':
    optional: true

  '@jridgewell/sourcemap-codec@1.5.5': {}

  '@pixi/accessibility@7.4.3(@pixi/core@7.4.3)(@pixi/display@7.4.3(@pixi/core@7.4.3))(@pixi/events@7.4.3(@pixi/core@7.4.3)(@pixi/display@7.4.3(@pixi/core@7.4.3)))':
    dependencies:
      '@pixi/core': 7.4.3
      '@pixi/display': 7.4.3(@pixi/core@7.4.3)
      '@pixi/events': 7.4.3(@pixi/core@7.4.3)(@pixi/display@7.4.3(@pixi/core@7.4.3))

  '@pixi/app@7.4.3(@pixi/core@7.4.3)(@pixi/display@7.4.3(@pixi/core@7.4.3))':
    dependencies:
      '@pixi/core': 7.4.3
      '@pixi/display': 7.4.3(@pixi/core@7.4.3)

  '@pixi/assets@7.4.3(@pixi/core@7.4.3)':
    dependencies:
      '@pixi/core': 7.4.3
      '@types/css-font-loading-module': 0.0.12

  '@pixi/color@7.4.3':
    dependencies:
      '@pixi/colord': 2.9.6

  '@pixi/colord@2.9.6': {}

  '@pixi/compressed-textures@7.4.3(@pixi/assets@7.4.3(@pixi/core@7.4.3))(@pixi/core@7.4.3)':
    dependencies:
      '@pixi/assets': 7.4.3(@pixi/core@7.4.3)
      '@pixi/core': 7.4.3

  '@pixi/constants@7.4.3': {}

  '@pixi/core@7.4.3':
    dependencies:
      '@pixi/color': 7.4.3
      '@pixi/constants': 7.4.3
      '@pixi/extensions': 7.4.3
      '@pixi/math': 7.4.3
      '@pixi/runner': 7.4.3
      '@pixi/settings': 7.4.3
      '@pixi/ticker': 7.4.3
      '@pixi/utils': 7.4.3

  '@pixi/display@7.4.3(@pixi/core@7.4.3)':
    dependencies:
      '@pixi/core': 7.4.3

  '@pixi/events@7.4.3(@pixi/core@7.4.3)(@pixi/display@7.4.3(@pixi/core@7.4.3))':
    dependencies:
      '@pixi/core': 7.4.3
      '@pixi/display': 7.4.3(@pixi/core@7.4.3)

  '@pixi/extensions@7.4.3': {}

  '@pixi/extract@7.4.3(@pixi/core@7.4.3)':
    dependencies:
      '@pixi/core': 7.4.3

  '@pixi/filter-alpha@7.4.3(@pixi/core@7.4.3)':
    dependencies:
      '@pixi/core': 7.4.3

  '@pixi/filter-blur@7.4.3(@pixi/core@7.4.3)':
    dependencies:
      '@pixi/core': 7.4.3

  '@pixi/filter-color-matrix@7.4.3(@pixi/core@7.4.3)':
    dependencies:
      '@pixi/core': 7.4.3

  '@pixi/filter-displacement@7.4.3(@pixi/core@7.4.3)':
    dependencies:
      '@pixi/core': 7.4.3

  '@pixi/filter-fxaa@7.4.3(@pixi/core@7.4.3)':
    dependencies:
      '@pixi/core': 7.4.3

  '@pixi/filter-noise@7.4.3(@pixi/core@7.4.3)':
    dependencies:
      '@pixi/core': 7.4.3

  '@pixi/graphics@7.4.3(@pixi/core@7.4.3)(@pixi/display@7.4.3(@pixi/core@7.4.3))(@pixi/sprite@7.4.3(@pixi/core@7.4.3)(@pixi/display@7.4.3(@pixi/core@7.4.3)))':
    dependencies:
      '@pixi/core': 7.4.3
      '@pixi/display': 7.4.3(@pixi/core@7.4.3)
      '@pixi/sprite': 7.4.3(@pixi/core@7.4.3)(@pixi/display@7.4.3(@pixi/core@7.4.3))

  '@pixi/math@7.4.3': {}

  '@pixi/mesh-extras@7.4.3(@pixi/core@7.4.3)(@pixi/mesh@7.4.3(@pixi/core@7.4.3)(@pixi/display@7.4.3(@pixi/core@7.4.3)))':
    dependencies:
      '@pixi/core': 7.4.3
      '@pixi/mesh': 7.4.3(@pixi/core@7.4.3)(@pixi/display@7.4.3(@pixi/core@7.4.3))

  '@pixi/mesh@7.4.3(@pixi/core@7.4.3)(@pixi/display@7.4.3(@pixi/core@7.4.3))':
    dependencies:
      '@pixi/core': 7.4.3
      '@pixi/display': 7.4.3(@pixi/core@7.4.3)

  '@pixi/mixin-cache-as-bitmap@7.4.3(@pixi/core@7.4.3)(@pixi/display@7.4.3(@pixi/core@7.4.3))(@pixi/sprite@7.4.3(@pixi/core@7.4.3)(@pixi/display@7.4.3(@pixi/core@7.4.3)))':
    dependencies:
      '@pixi/core': 7.4.3
      '@pixi/display': 7.4.3(@pixi/core@7.4.3)
      '@pixi/sprite': 7.4.3(@pixi/core@7.4.3)(@pixi/display@7.4.3(@pixi/core@7.4.3))

  '@pixi/mixin-get-child-by-name@7.4.3(@pixi/display@7.4.3(@pixi/core@7.4.3))':
    dependencies:
      '@pixi/display': 7.4.3(@pixi/core@7.4.3)

  '@pixi/mixin-get-global-position@7.4.3(@pixi/core@7.4.3)(@pixi/display@7.4.3(@pixi/core@7.4.3))':
    dependencies:
      '@pixi/core': 7.4.3
      '@pixi/display': 7.4.3(@pixi/core@7.4.3)

  '@pixi/particle-container@7.4.3(@pixi/core@7.4.3)(@pixi/display@7.4.3(@pixi/core@7.4.3))(@pixi/sprite@7.4.3(@pixi/core@7.4.3)(@pixi/display@7.4.3(@pixi/core@7.4.3)))':
    dependencies:
      '@pixi/core': 7.4.3
      '@pixi/display': 7.4.3(@pixi/core@7.4.3)
      '@pixi/sprite': 7.4.3(@pixi/core@7.4.3)(@pixi/display@7.4.3(@pixi/core@7.4.3))

  '@pixi/prepare@7.4.3(@pixi/core@7.4.3)(@pixi/display@7.4.3(@pixi/core@7.4.3))(@pixi/graphics@7.4.3(@pixi/core@7.4.3)(@pixi/display@7.4.3(@pixi/core@7.4.3))(@pixi/sprite@7.4.3(@pixi/core@7.4.3)(@pixi/display@7.4.3(@pixi/core@7.4.3))))(@pixi/text@7.4.3(@pixi/core@7.4.3)(@pixi/sprite@7.4.3(@pixi/core@7.4.3)(@pixi/display@7.4.3(@pixi/core@7.4.3))))':
    dependencies:
      '@pixi/core': 7.4.3
      '@pixi/display': 7.4.3(@pixi/core@7.4.3)
      '@pixi/graphics': 7.4.3(@pixi/core@7.4.3)(@pixi/display@7.4.3(@pixi/core@7.4.3))(@pixi/sprite@7.4.3(@pixi/core@7.4.3)(@pixi/display@7.4.3(@pixi/core@7.4.3)))
      '@pixi/text': 7.4.3(@pixi/core@7.4.3)(@pixi/sprite@7.4.3(@pixi/core@7.4.3)(@pixi/display@7.4.3(@pixi/core@7.4.3)))

  '@pixi/runner@7.4.3': {}

  '@pixi/settings@7.4.3':
    dependencies:
      '@pixi/constants': 7.4.3
      '@types/css-font-loading-module': 0.0.12
      ismobilejs: 1.1.1

  '@pixi/sprite-animated@7.4.3(@pixi/core@7.4.3)(@pixi/sprite@7.4.3(@pixi/core@7.4.3)(@pixi/display@7.4.3(@pixi/core@7.4.3)))':
    dependencies:
      '@pixi/core': 7.4.3
      '@pixi/sprite': 7.4.3(@pixi/core@7.4.3)(@pixi/display@7.4.3(@pixi/core@7.4.3))

  '@pixi/sprite-tiling@7.4.3(@pixi/core@7.4.3)(@pixi/display@7.4.3(@pixi/core@7.4.3))(@pixi/sprite@7.4.3(@pixi/core@7.4.3)(@pixi/display@7.4.3(@pixi/core@7.4.3)))':
    dependencies:
      '@pixi/core': 7.4.3
      '@pixi/display': 7.4.3(@pixi/core@7.4.3)
      '@pixi/sprite': 7.4.3(@pixi/core@7.4.3)(@pixi/display@7.4.3(@pixi/core@7.4.3))

  '@pixi/sprite@7.4.3(@pixi/core@7.4.3)(@pixi/display@7.4.3(@pixi/core@7.4.3))':
    dependencies:
      '@pixi/core': 7.4.3
      '@pixi/display': 7.4.3(@pixi/core@7.4.3)

  '@pixi/spritesheet@7.4.3(@pixi/assets@7.4.3(@pixi/core@7.4.3))(@pixi/core@7.4.3)':
    dependencies:
      '@pixi/assets': 7.4.3(@pixi/core@7.4.3)
      '@pixi/core': 7.4.3

  '@pixi/text-bitmap@7.4.3(@pixi/assets@7.4.3(@pixi/core@7.4.3))(@pixi/core@7.4.3)(@pixi/display@7.4.3(@pixi/core@7.4.3))(@pixi/mesh@7.4.3(@pixi/core@7.4.3)(@pixi/display@7.4.3(@pixi/core@7.4.3)))(@pixi/text@7.4.3(@pixi/core@7.4.3)(@pixi/sprite@7.4.3(@pixi/core@7.4.3)(@pixi/display@7.4.3(@pixi/core@7.4.3))))':
    dependencies:
      '@pixi/assets': 7.4.3(@pixi/core@7.4.3)
      '@pixi/core': 7.4.3
      '@pixi/display': 7.4.3(@pixi/core@7.4.3)
      '@pixi/mesh': 7.4.3(@pixi/core@7.4.3)(@pixi/display@7.4.3(@pixi/core@7.4.3))
      '@pixi/text': 7.4.3(@pixi/core@7.4.3)(@pixi/sprite@7.4.3(@pixi/core@7.4.3)(@pixi/display@7.4.3(@pixi/core@7.4.3)))

  '@pixi/text-html@7.4.3(@pixi/core@7.4.3)(@pixi/display@7.4.3(@pixi/core@7.4.3))(@pixi/sprite@7.4.3(@pixi/core@7.4.3)(@pixi/display@7.4.3(@pixi/core@7.4.3)))(@pixi/text@7.4.3(@pixi/core@7.4.3)(@pixi/sprite@7.4.3(@pixi/core@7.4.3)(@pixi/display@7.4.3(@pixi/core@7.4.3))))':
    dependencies:
      '@pixi/core': 7.4.3
      '@pixi/display': 7.4.3(@pixi/core@7.4.3)
      '@pixi/sprite': 7.4.3(@pixi/core@7.4.3)(@pixi/display@7.4.3(@pixi/core@7.4.3))
      '@pixi/text': 7.4.3(@pixi/core@7.4.3)(@pixi/sprite@7.4.3(@pixi/core@7.4.3)(@pixi/display@7.4.3(@pixi/core@7.4.3)))

  '@pixi/text@7.4.3(@pixi/core@7.4.3)(@pixi/sprite@7.4.3(@pixi/core@7.4.3)(@pixi/display@7.4.3(@pixi/core@7.4.3)))':
    dependencies:
      '@pixi/core': 7.4.3
      '@pixi/sprite': 7.4.3(@pixi/core@7.4.3)(@pixi/display@7.4.3(@pixi/core@7.4.3))

  '@pixi/ticker@7.4.3':
    dependencies:
      '@pixi/extensions': 7.4.3
      '@pixi/settings': 7.4.3
      '@pixi/utils': 7.4.3

  '@pixi/utils@7.4.3':
    dependencies:
      '@pixi/color': 7.4.3
      '@pixi/constants': 7.4.3
      '@pixi/settings': 7.4.3
      '@types/earcut': 2.1.4
      earcut: 2.2.4
      eventemitter3: 4.0.7
      url: 0.11.4

  '@types/css-font-loading-module@0.0.12': {}

  '@types/earcut@2.1.4': {}

  '@types/matter-js@0.19.8': {}

  '@types/p5@1.7.7': {}

  '@types/three@0.143.2':
    dependencies:
      '@types/webxr': 0.5.24

  '@types/webxr@0.5.24': {}

  '@vitejs/plugin-vue@3.2.0(vite@3.2.11)(vue@3.5.26(typescript@4.9.5))':
    dependencies:
      vite: 3.2.11
      vue: 3.5.26(typescript@4.9.5)

  '@volar/code-gen@0.39.5':
    dependencies:
      '@volar/source-map': 0.39.5

  '@volar/source-map@0.39.5': {}

  '@volar/typescript-faster@0.39.5':
    dependencies:
      semver: 7.7.3

  '@volar/vue-code-gen@0.39.5':
    dependencies:
      '@volar/code-gen': 0.39.5
      '@volar/source-map': 0.39.5
      '@vue/compiler-core': 3.5.26
      '@vue/compiler-dom': 3.5.26
      '@vue/shared': 3.5.26

  '@volar/vue-language-core@0.39.5':
    dependencies:
      '@volar/code-gen': 0.39.5
      '@volar/source-map': 0.39.5
      '@volar/vue-code-gen': 0.39.5
      '@vue/compiler-sfc': 3.5.26
      '@vue/reactivity': 3.5.26

  '@volar/vue-typescript@0.39.5':
    dependencies:
      '@volar/code-gen': 0.39.5
      '@volar/typescript-faster': 0.39.5
      '@volar/vue-language-core': 0.39.5

  '@vue/compiler-core@3.5.26':
    dependencies:
      '@babel/parser': 7.28.5
      '@vue/shared': 3.5.26
      entities: 7.0.0
      estree-walker: 2.0.2
      source-map-js: 1.2.1

  '@vue/compiler-dom@3.5.26':
    dependencies:
      '@vue/compiler-core': 3.5.26
      '@vue/shared': 3.5.26

  '@vue/compiler-sfc@3.5.26':
    dependencies:
      '@babel/parser': 7.28.5
      '@vue/compiler-core': 3.5.26
      '@vue/compiler-dom': 3.5.26
      '@vue/compiler-ssr': 3.5.26
      '@vue/shared': 3.5.26
      estree-walker: 2.0.2
      magic-string: 0.30.21
      postcss: 8.5.6
      source-map-js: 1.2.1

  '@vue/compiler-ssr@3.5.26':
    dependencies:
      '@vue/compiler-dom': 3.5.26
      '@vue/shared': 3.5.26

  '@vue/reactivity@3.5.26':
    dependencies:
      '@vue/shared': 3.5.26

  '@vue/runtime-core@3.5.26':
    dependencies:
      '@vue/reactivity': 3.5.26
      '@vue/shared': 3.5.26

  '@vue/runtime-dom@3.5.26':
    dependencies:
      '@vue/reactivity': 3.5.26
      '@vue/runtime-core': 3.5.26
      '@vue/shared': 3.5.26
      csstype: 3.2.3

  '@vue/server-renderer@3.5.26(vue@3.5.26(typescript@4.9.5))':
    dependencies:
      '@vue/compiler-ssr': 3.5.26
      '@vue/shared': 3.5.26
      vue: 3.5.26(typescript@4.9.5)

  '@vue/shared@3.5.26': {}

  call-bind-apply-helpers@1.0.2:
    dependencies:
      es-errors: 1.3.0
      function-bind: 1.1.2

  call-bound@1.0.4:
    dependencies:
      call-bind-apply-helpers: 1.0.2
      get-intrinsic: 1.3.0

  csstype@3.2.3: {}

  dunder-proto@1.0.1:
    dependencies:
      call-bind-apply-helpers: 1.0.2
      es-errors: 1.3.0
      gopd: 1.2.0

  earcut@2.2.4: {}

  entities@7.0.0: {}

  es-define-property@1.0.1: {}

  es-errors@1.3.0: {}

  es-object-atoms@1.1.1:
    dependencies:
      es-errors: 1.3.0

  esbuild-android-64@0.15.18:
    optional: true

  esbuild-android-arm64@0.15.18:
    optional: true

  esbuild-darwin-64@0.15.18:
    optional: true

  esbuild-darwin-arm64@0.15.18:
    optional: true

  esbuild-freebsd-64@0.15.18:
    optional: true

  esbuild-freebsd-arm64@0.15.18:
    optional: true

  esbuild-linux-32@0.15.18:
    optional: true

  esbuild-linux-64@0.15.18:
    optional: true

  esbuild-linux-arm64@0.15.18:
    optional: true

  esbuild-linux-arm@0.15.18:
    optional: true

  esbuild-linux-mips64le@0.15.18:
    optional: true

  esbuild-linux-ppc64le@0.15.18:
    optional: true

  esbuild-linux-riscv64@0.15.18:
    optional: true

  esbuild-linux-s390x@0.15.18:
    optional: true

  esbuild-netbsd-64@0.15.18:
    optional: true

  esbuild-openbsd-64@0.15.18:
    optional: true

  esbuild-sunos-64@0.15.18:
    optional: true

  esbuild-windows-32@0.15.18:
    optional: true

  esbuild-windows-64@0.15.18:
    optional: true

  esbuild-windows-arm64@0.15.18:
    optional: true

  esbuild@0.15.18:
    optionalDependencies:
      '@esbuild/android-arm': 0.15.18
      '@esbuild/linux-loong64': 0.15.18
      esbuild-android-64: 0.15.18
      esbuild-android-arm64: 0.15.18
      esbuild-darwin-64: 0.15.18
      esbuild-darwin-arm64: 0.15.18
      esbuild-freebsd-64: 0.15.18
      esbuild-freebsd-arm64: 0.15.18
      esbuild-linux-32: 0.15.18
      esbuild-linux-64: 0.15.18
      esbuild-linux-arm: 0.15.18
      esbuild-linux-arm64: 0.15.18
      esbuild-linux-mips64le: 0.15.18
      esbuild-linux-ppc64le: 0.15.18
      esbuild-linux-riscv64: 0.15.18
      esbuild-linux-s390x: 0.15.18
      esbuild-netbsd-64: 0.15.18
      esbuild-openbsd-64: 0.15.18
      esbuild-sunos-64: 0.15.18
      esbuild-windows-32: 0.15.18
      esbuild-windows-64: 0.15.18
      esbuild-windows-arm64: 0.15.18

  estree-walker@2.0.2: {}

  eventemitter3@4.0.7: {}

  fsevents@2.3.3:
    optional: true

  function-bind@1.1.2: {}

  get-intrinsic@1.3.0:
    dependencies:
      call-bind-apply-helpers: 1.0.2
      es-define-property: 1.0.1
      es-errors: 1.3.0
      es-object-atoms: 1.1.1
      function-bind: 1.1.2
      get-proto: 1.0.1
      gopd: 1.2.0
      has-symbols: 1.1.0
      hasown: 2.0.2
      math-intrinsics: 1.1.0

  get-proto@1.0.1:
    dependencies:
      dunder-proto: 1.0.1
      es-object-atoms: 1.1.1

  gopd@1.2.0: {}

  has-symbols@1.1.0: {}

  hasown@2.0.2:
    dependencies:
      function-bind: 1.1.2

  is-core-module@2.16.1:
    dependencies:
      hasown: 2.0.2

  ismobilejs@1.1.1: {}

  magic-string@0.30.21:
    dependencies:
      '@jridgewell/sourcemap-codec': 1.5.5

  math-intrinsics@1.1.0: {}

  matter-js@0.20.0: {}

  nanoid@3.3.11: {}

  object-inspect@1.13.4: {}

  p5@1.11.11: {}

  path-parse@1.0.7: {}

  picocolors@1.1.1: {}

  pixi.js@7.4.3:
    dependencies:
      '@pixi/accessibility': 7.4.3(@pixi/core@7.4.3)(@pixi/display@7.4.3(@pixi/core@7.4.3))(@pixi/events@7.4.3(@pixi/core@7.4.3)(@pixi/display@7.4.3(@pixi/core@7.4.3)))
      '@pixi/app': 7.4.3(@pixi/core@7.4.3)(@pixi/display@7.4.3(@pixi/core@7.4.3))
      '@pixi/assets': 7.4.3(@pixi/core@7.4.3)
      '@pixi/compressed-textures': 7.4.3(@pixi/assets@7.4.3(@pixi/core@7.4.3))(@pixi/core@7.4.3)
      '@pixi/core': 7.4.3
      '@pixi/display': 7.4.3(@pixi/core@7.4.3)
      '@pixi/events': 7.4.3(@pixi/core@7.4.3)(@pixi/display@7.4.3(@pixi/core@7.4.3))
      '@pixi/extensions': 7.4.3
      '@pixi/extract': 7.4.3(@pixi/core@7.4.3)
      '@pixi/filter-alpha': 7.4.3(@pixi/core@7.4.3)
      '@pixi/filter-blur': 7.4.3(@pixi/core@7.4.3)
      '@pixi/filter-color-matrix': 7.4.3(@pixi/core@7.4.3)
      '@pixi/filter-displacement': 7.4.3(@pixi/core@7.4.3)
      '@pixi/filter-fxaa': 7.4.3(@pixi/core@7.4.3)
      '@pixi/filter-noise': 7.4.3(@pixi/core@7.4.3)
      '@pixi/graphics': 7.4.3(@pixi/core@7.4.3)(@pixi/display@7.4.3(@pixi/core@7.4.3))(@pixi/sprite@7.4.3(@pixi/core@7.4.3)(@pixi/display@7.4.3(@pixi/core@7.4.3)))
      '@pixi/mesh': 7.4.3(@pixi/core@7.4.3)(@pixi/display@7.4.3(@pixi/core@7.4.3))
      '@pixi/mesh-extras': 7.4.3(@pixi/core@7.4.3)(@pixi/mesh@7.4.3(@pixi/core@7.4.3)(@pixi/display@7.4.3(@pixi/core@7.4.3)))
      '@pixi/mixin-cache-as-bitmap': 7.4.3(@pixi/core@7.4.3)(@pixi/display@7.4.3(@pixi/core@7.4.3))(@pixi/sprite@7.4.3(@pixi/core@7.4.3)(@pixi/display@7.4.3(@pixi/core@7.4.3)))
      '@pixi/mixin-get-child-by-name': 7.4.3(@pixi/display@7.4.3(@pixi/core@7.4.3))
      '@pixi/mixin-get-global-position': 7.4.3(@pixi/core@7.4.3)(@pixi/display@7.4.3(@pixi/core@7.4.3))
      '@pixi/particle-container': 7.4.3(@pixi/core@7.4.3)(@pixi/display@7.4.3(@pixi/core@7.4.3))(@pixi/sprite@7.4.3(@pixi/core@7.4.3)(@pixi/display@7.4.3(@pixi/core@7.4.3)))
      '@pixi/prepare': 7.4.3(@pixi/core@7.4.3)(@pixi/display@7.4.3(@pixi/core@7.4.3))(@pixi/graphics@7.4.3(@pixi/core@7.4.3)(@pixi/display@7.4.3(@pixi/core@7.4.3))(@pixi/sprite@7.4.3(@pixi/core@7.4.3)(@pixi/display@7.4.3(@pixi/core@7.4.3))))(@pixi/text@7.4.3(@pixi/core@7.4.3)(@pixi/sprite@7.4.3(@pixi/core@7.4.3)(@pixi/display@7.4.3(@pixi/core@7.4.3))))
      '@pixi/sprite': 7.4.3(@pixi/core@7.4.3)(@pixi/display@7.4.3(@pixi/core@7.4.3))
      '@pixi/sprite-animated': 7.4.3(@pixi/core@7.4.3)(@pixi/sprite@7.4.3(@pixi/core@7.4.3)(@pixi/display@7.4.3(@pixi/core@7.4.3)))
      '@pixi/sprite-tiling': 7.4.3(@pixi/core@7.4.3)(@pixi/display@7.4.3(@pixi/core@7.4.3))(@pixi/sprite@7.4.3(@pixi/core@7.4.3)(@pixi/display@7.4.3(@pixi/core@7.4.3)))
      '@pixi/spritesheet': 7.4.3(@pixi/assets@7.4.3(@pixi/core@7.4.3))(@pixi/core@7.4.3)
      '@pixi/text': 7.4.3(@pixi/core@7.4.3)(@pixi/sprite@7.4.3(@pixi/core@7.4.3)(@pixi/display@7.4.3(@pixi/core@7.4.3)))
      '@pixi/text-bitmap': 7.4.3(@pixi/assets@7.4.3(@pixi/core@7.4.3))(@pixi/core@7.4.3)(@pixi/display@7.4.3(@pixi/core@7.4.3))(@pixi/mesh@7.4.3(@pixi/core@7.4.3)(@pixi/display@7.4.3(@pixi/core@7.4.3)))(@pixi/text@7.4.3(@pixi/core@7.4.3)(@pixi/sprite@7.4.3(@pixi/core@7.4.3)(@pixi/display@7.4.3(@pixi/core@7.4.3))))
      '@pixi/text-html': 7.4.3(@pixi/core@7.4.3)(@pixi/display@7.4.3(@pixi/core@7.4.3))(@pixi/sprite@7.4.3(@pixi/core@7.4.3)(@pixi/display@7.4.3(@pixi/core@7.4.3)))(@pixi/text@7.4.3(@pixi/core@7.4.3)(@pixi/sprite@7.4.3(@pixi/core@7.4.3)(@pixi/display@7.4.3(@pixi/core@7.4.3))))

  postcss@8.5.6:
    dependencies:
      nanoid: 3.3.11
      picocolors: 1.1.1
      source-map-js: 1.2.1

  punycode@1.4.1: {}

  qs@6.15.1:
    dependencies:
      side-channel: 1.1.0

  resolve@1.22.11:
    dependencies:
      is-core-module: 2.16.1
      path-parse: 1.0.7
      supports-preserve-symlinks-flag: 1.0.0

  rollup@2.79.2:
    optionalDependencies:
      fsevents: 2.3.3

  semver@7.7.3: {}

  side-channel-list@1.0.1:
    dependencies:
      es-errors: 1.3.0
      object-inspect: 1.13.4

  side-channel-map@1.0.1:
    dependencies:
      call-bound: 1.0.4
      es-errors: 1.3.0
      get-intrinsic: 1.3.0
      object-inspect: 1.13.4

  side-channel-weakmap@1.0.2:
    dependencies:
      call-bound: 1.0.4
      es-errors: 1.3.0
      get-intrinsic: 1.3.0
      object-inspect: 1.13.4
      side-channel-map: 1.0.1

  side-channel@1.1.0:
    dependencies:
      es-errors: 1.3.0
      object-inspect: 1.13.4
      side-channel-list: 1.0.1
      side-channel-map: 1.0.1
      side-channel-weakmap: 1.0.2

  source-map-js@1.2.1: {}

  supports-preserve-symlinks-flag@1.0.0: {}

  typescript@4.9.5: {}

  url@0.11.4:
    dependencies:
      punycode: 1.4.1
      qs: 6.15.1

  vite@3.2.11:
    dependencies:
      esbuild: 0.15.18
      postcss: 8.5.6
      resolve: 1.22.11
      rollup: 2.79.2
    optionalDependencies:
      fsevents: 2.3.3

  vue-tsc@0.39.5(typescript@4.9.5):
    dependencies:
      '@volar/vue-language-core': 0.39.5
      '@volar/vue-typescript': 0.39.5
      typescript: 4.9.5

  vue@3.5.26(typescript@4.9.5):
    dependencies:
      '@vue/compiler-dom': 3.5.26
      '@vue/compiler-sfc': 3.5.26
      '@vue/runtime-dom': 3.5.26
      '@vue/server-renderer': 3.5.26(vue@3.5.26(typescript@4.9.5))
      '@vue/shared': 3.5.26
    optionalDependencies:
      typescript: 4.9.5
